
Microsoft Visual Studio Solution File, Format Version 12.00
# Visual Studio Version 17
VisualStudioVersion = 17.7.34202.233
MinimumVisualStudioVersion = 10.0.40219.1
Project("{9A19103F-16F7-4668-BE54-9A1E7A4F7556}") = "Stage0", "Stage0\Stage0.csproj", "{BBB4A801-AAB6-40B8-9E96-2752BC84A28F}"
EndProject
Project("{2150E333-8FDC-42A3-9474-1A3956D46DE8}") = "Solution Items", "Solution Items", "{F2C1795F-8FB6-4467-93F9-1CB35DECABC5}"
	ProjectSection(SolutionItems) = preProject
		README.md = README.md
	EndProjectSection
EndProject
Project("{9A19103F-16F7-4668-BE54-9A1E7A4F7556}") = "DalFacade", "DalFacade\DalFacade.csproj", "{12D67ACE-5CC6-43F7-AA9E-1340325DD2EA}"
EndProject
Project("{9A19103F-16F7-4668-BE54-9A1E7A4F7556}") = "DalList", "DalList\DalList.csproj", "{334F1E1E-3A02-4C5D-84E0-3C2ED651FF19}"
EndProject
Project("{9A19103F-16F7-4668-BE54-9A1E7A4F7556}") = "DalTest", "DalTest\DalTest.csproj", "{3130FBBB-07BC-4111-8F4F-D56B34C7EF4D}"
EndProject
Project("{9A19103F-16F7-4668-BE54-9A1E7A4F7556}") = "DalXml", "DalXml\DalXml.csproj", "{CB84FDC6-97AB-4477-8499-E8929C03882E}"
EndProject
Project("{2150E333-8FDC-42A3-9474-1A3956D46DE8}") = "xml", "xml", "{BA401629-B1F7-404C-8551-82E194AAAA26}"
	ProjectSection(SolutionItems) = preProject
		xml\dal-config.xml = xml\dal-config.xml
		xml\data-config.xml = xml\data-config.xml
		xml\dependencys.xml = xml\dependencys.xml
		xml\tasks.xml = xml\tasks.xml
		xml\workers.xml = xml\workers.xml
	EndProjectSection
EndProject
Project("{FAE04EC0-301F-11D3-BF4B-00C04F79EFBC}") = "BL", "BL\BL.csproj", "{E4362E02-BEFF-4B18-8E73-DC1991787A69}"
EndProject
Project("{FAE04EC0-301F-11D3-BF4B-00C04F79EFBC}") = "BlTest", "BlTest\BlTest.csproj", "{EADD1600-E771-4275-A9D6-BD093E38F900}"
EndProject
Global
	GlobalSection(SolutionConfigurationPlatforms) = preSolution
		Debug|Any CPU = Debug|Any CPU
		Release|Any CPU = Release|Any CPU
	EndGlobalSection
	GlobalSection(ProjectConfigurationPlatforms) = postSolution
		{BBB4A801-AAB6-40B8-9E96-2752BC84A28F}.Debug|Any CPU.ActiveCfg = Debug|Any CPU
		{BBB4A801-AAB6-40B8-9E96-2752BC84A28F}.Debug|Any CPU.Build.0 = Debug|Any CPU
		{BBB4A801-AAB6-40B8-9E96-2752BC84A28F}.Release|Any CPU.ActiveCfg = Release|Any CPU
		{BBB4A801-AAB6-40B8-9E96-2752BC84A28F}.Release|Any CPU.Build.0 = Release|Any CPU
		{12D67ACE-5CC6-43F7-AA9E-1340325DD2EA}.Debug|Any CPU.ActiveCfg = Debug|Any CPU
		{12D67ACE-5CC6-43F7-AA9E-1340325DD2EA}.Debug|Any CPU.Build.0 = Debug|Any CPU
		{12D67ACE-5CC6-43F7-AA9E-1340325DD2EA}.Release|Any CPU.ActiveCfg = Release|Any CPU
		{12D67ACE-5CC6-43F7-AA9E-1340325DD2EA}.Release|Any CPU.Build.0 = Release|Any CPU
		{334F1E1E-3A02-4C5D-84E0-3C2ED651FF19}.Debug|Any CPU.ActiveCfg = Debug|Any CPU
		{334F1E1E-3A02-4C5D-84E0-3C2ED651FF19}.Debug|Any CPU.Build.0 = Debug|Any CPU
		{334F1E1E-3A02-4C5D-84E0-3C2ED651FF19}.Release|Any CPU.ActiveCfg = Release|Any CPU
		{334F1E1E-3A02-4C5D-84E0-3C2ED651FF19}.Release|Any CPU.Build.0 = Release|Any CPU
		{3130FBBB-07BC-4111-8F4F-D56B34C7EF4D}.Debug|Any CPU.ActiveCfg = Debug|Any CPU
		{3130FBBB-07BC-4111-8F4F-D56B34C7EF4D}.Debug|Any CPU.Build.0 = Debug|Any CPU
		{3130FBBB-07BC-4111-8F4F-D56B34C7EF4D}.Release|Any CPU.ActiveCfg = Release|Any CPU
		{3130FBBB-07BC-4111-8F4F-D56B34C7EF4D}.Release|Any CPU.Build.0 = Release|Any CPU
		{CB84FDC6-97AB-4477-8499-E8929C03882E}.Debug|Any CPU.ActiveCfg = Debug|Any CPU
		{CB84FDC6-97AB-4477-8499-E8929C03882E}.Debug|Any CPU.Build.0 = Debug|Any CPU
		{CB84FDC6-97AB-4477-8499-E8929C03882E}.Release|Any CPU.ActiveCfg = Release|Any CPU
		{CB84FDC6-97AB-4477-8499-E8929C03882E}.Release|Any CPU.Build.0 = Release|Any CPU
		{E4362E02-BEFF-4B18-8E73-DC1991787A69}.Debug|Any CPU.ActiveCfg = Debug|Any CPU
		{E4362E02-BEFF-4B18-8E73-DC1991787A69}.Debug|Any CPU.Build.0 = Debug|Any CPU
		{E4362E02-BEFF-4B18-8E73-DC1991787A69}.Release|Any CPU.ActiveCfg = Release|Any CPU
		{E4362E02-BEFF-4B18-8E73-DC1991787A69}.Release|Any CPU.Build.0 = Release|Any CPU
		{EADD1600-E771-4275-A9D6-BD093E38F900}.Debug|Any CPU.ActiveCfg = Debug|Any CPU
		{EADD1600-E771-4275-A9D6-BD093E38F900}.Debug|Any CPU.Build.0 = Debug|Any CPU
		{EADD1600-E771-4275-A9D6-BD093E38F900}.Release|Any CPU.ActiveCfg = Release|Any CPU
		{EADD1600-E771-4275-A9D6-BD093E38F900}.Release|Any CPU.Build.0 = Release|Any CPU
	EndGlobalSection
	GlobalSection(SolutionProperties) = preSolution
		HideSolutionNode = FALSE
	EndGlobalSection
	GlobalSection(ExtensibilityGlobals) = postSolution
		SolutionGuid = {1D245DF2-8C35-46F9-9645-8992216C6449}
	EndGlobalSection
EndGlobal
